
Microsoft Visual Studio Solution File, Format Version 12.00
# Visual Studio Version 16
VisualStudioVersion = 16.0.31424.327
MinimumVisualStudioVersion = 10.0.40219.1
Project("{FAE04EC0-301F-11D3-BF4B-00C04F79EFBC}") = "WebMessanger", "WebMessanger\WebMessanger.csproj", "{BDBCF9FC-2DAA-491B-97D5-9403D5620629}"
EndProject
Global
	GlobalSection(SolutionConfigurationPlatforms) = preSolution
		Debug|Any CPU = Debug|Any CPU
		Release|Any CPU = Release|Any CPU
	EndGlobalSection
	GlobalSection(ProjectConfigurationPlatforms) = postSolution
		{BDBCF9FC-2DAA-491B-97D5-9403D5620629}.Debug|Any CPU.ActiveCfg = Debug|Any CPU
		{BDBCF9FC-2DAA-491B-97D5-9403D5620629}.Debug|Any CPU.Build.0 = Debug|Any CPU
		{BDBCF9FC-2DAA-491B-97D5-9403D5620629}.Release|Any CPU.ActiveCfg = Release|Any CPU
		{BDBCF9FC-2DAA-491B-97D5-9403D5620629}.Release|Any CPU.Build.0 = Release|Any CPU
	EndGlobalSection
	GlobalSection(SolutionProperties) = preSolution
		HideSolutionNode = FALSE
	EndGlobalSection
	GlobalSection(ExtensibilityGlobals) = postSolution
		SolutionGuid = {458A7BBF-F0D5-4642-A2B2-6B3B6F125073}
	EndGlobalSection
EndGlobal
